
Microsoft Visual Studio Solution File, Format Version 12.00
# Visual Studio Version 17
VisualStudioVersion = 17.12.35506.116
MinimumVisualStudioVersion = 10.0.40219.1
Project("{FAE04EC0-301F-11D3-BF4B-00C04F79EFBC}") = "WorldWideNews.API", "WorldWideNews.API\WorldWideNews.API.csproj", "{89C67BB6-C6D8-4360-B64F-FFB229F78F06}"
EndProject
Project("{FAE04EC0-301F-11D3-BF4B-00C04F79EFBC}") = "WorldWideNews.Models", "WorldWideNews.Models\WorldWideNews.Models.csproj", "{89BDD415-5290-4D8E-94BE-5BF8C4887EB5}"
EndProject
Project("{FAE04EC0-301F-11D3-BF4B-00C04F79EFBC}") = "WorldWideNews.Web", "WorldWideNews.Web\WorldWideNews.Web.csproj", "{DDA0531E-DD9E-468E-9142-1DD8AD536CBB}"
EndProject
Global
	GlobalSection(SolutionConfigurationPlatforms) = preSolution
		Debug|Any CPU = Debug|Any CPU
		Release|Any CPU = Release|Any CPU
	EndGlobalSection
	GlobalSection(ProjectConfigurationPlatforms) = postSolution
		{89C67BB6-C6D8-4360-B64F-FFB229F78F06}.Debug|Any CPU.ActiveCfg = Debug|Any CPU
		{89C67BB6-C6D8-4360-B64F-FFB229F78F06}.Debug|Any CPU.Build.0 = Debug|Any CPU
		{89C67BB6-C6D8-4360-B64F-FFB229F78F06}.Release|Any CPU.ActiveCfg = Release|Any CPU
		{89C67BB6-C6D8-4360-B64F-FFB229F78F06}.Release|Any CPU.Build.0 = Release|Any CPU
		{89BDD415-5290-4D8E-94BE-5BF8C4887EB5}.Debug|Any CPU.ActiveCfg = Debug|Any CPU
		{89BDD415-5290-4D8E-94BE-5BF8C4887EB5}.Debug|Any CPU.Build.0 = Debug|Any CPU
		{89BDD415-5290-4D8E-94BE-5BF8C4887EB5}.Release|Any CPU.ActiveCfg = Release|Any CPU
		{89BDD415-5290-4D8E-94BE-5BF8C4887EB5}.Release|Any CPU.Build.0 = Release|Any CPU
		{DDA0531E-DD9E-468E-9142-1DD8AD536CBB}.Debug|Any CPU.ActiveCfg = Debug|Any CPU
		{DDA0531E-DD9E-468E-9142-1DD8AD536CBB}.Debug|Any CPU.Build.0 = Debug|Any CPU
		{DDA0531E-DD9E-468E-9142-1DD8AD536CBB}.Release|Any CPU.ActiveCfg = Release|Any CPU
		{DDA0531E-DD9E-468E-9142-1DD8AD536CBB}.Release|Any CPU.Build.0 = Release|Any CPU
	EndGlobalSection
	GlobalSection(SolutionProperties) = preSolution
		HideSolutionNode = FALSE
	EndGlobalSection
EndGlobal
